
Microsoft Visual Studio Solution File, Format Version 10.00
# Visual Studio 2008
Project("{8BC9CEB8-8B4A-11D0-8D11-00A0C91BC942}") = "PortForward", "PortForward\PortForward.vcproj", "{D06C1EC1-A086-4273-9E1E-6C374CC991AB}"
EndProject
Global
	GlobalSection(SolutionConfigurationPlatforms) = preSolution
		Debug|Win32 = Debug|Win32
		Release|Win32 = Release|Win32
	EndGlobalSection
	GlobalSection(ProjectConfigurationPlatforms) = postSolution
		{D06C1EC1-A086-4273-9E1E-6C374CC991AB}.Debug|Win32.ActiveCfg = Debug|Win32
		{D06C1EC1-A086-4273-9E1E-6C374CC991AB}.Debug|Win32.Build.0 = Debug|Win32
		{D06C1EC1-A086-4273-9E1E-6C374CC991AB}.Release|Win32.ActiveCfg = Release|Win32
		{D06C1EC1-A086-4273-9E1E-6C374CC991AB}.Release|Win32.Build.0 = Release|Win32
	EndGlobalSection
	GlobalSection(SolutionProperties) = preSolution
		HideSolutionNode = FALSE
	EndGlobalSection
EndGlobal
